---
james@graysoftinc.com:
  Bugfixes:
  - - 2012-09-27 14:39:41.431421000 -06:00
    - 2012-09-27 14:40:17.528305000 -06:00
  - - 2012-09-27 14:40:35.967680000 -06:00
    - 2012-09-28 12:35:49.830295000 -06:00
luke@dewittsoft.com:
  TimeClock:
  - - 2012-09-28 12:36:20.302791000 -06:00
    - 2012-09-28 12:36:24.774865000 -06:00
  - - 2012-10-02 10:44:38.254878000 -06:00
    - 2012-10-02 11:10:23.109203000 -06:00
  - - 2012-10-02 11:11:27.685313000 -06:00
    - 2012-10-02 11:52:48.755990000 -06:00
  - - 2012-10-02 12:07:36.361981000 -06:00
  Star:
  - - 2012-09-28 12:47:50.366929000 -06:00
    - 2012-09-28 12:47:52.412263000 -06:00
  - - 2012-09-28 12:48:21.241195000 -06:00
    - 2012-09-28 12:48:22.857773000 -06:00
  - - 2012-09-28 12:50:16.819991000 -06:00
    - 2012-09-28 12:50:18.235033000 -06:00
bob@bob.com:
  Star:
  - - 2012-09-28 12:35:00.998770000 -06:00
    - 2012-09-28 12:35:03.223905000 -06:00
